
Microsoft Visual Studio Solution File, Format Version 12.00
# Visual Studio 15
VisualStudioVersion = 15.0.28307.572
MinimumVisualStudioVersion = 10.0.40219.1
Project("{FAE04EC0-301F-11D3-BF4B-00C04F79EFBC}") = "BNFParser", "BNFParser\BNFParser.csproj", "{761B433C-8F48-477C-BBD9-75A0CC9010A7}"
EndProject
Global
	GlobalSection(SolutionConfigurationPlatforms) = preSolution
		Debug|Any CPU = Debug|Any CPU
		Release|Any CPU = Release|Any CPU
	EndGlobalSection
	GlobalSection(ProjectConfigurationPlatforms) = postSolution
		{761B433C-8F48-477C-BBD9-75A0CC9010A7}.Debug|Any CPU.ActiveCfg = Debug|Any CPU
		{761B433C-8F48-477C-BBD9-75A0CC9010A7}.Debug|Any CPU.Build.0 = Debug|Any CPU
		{761B433C-8F48-477C-BBD9-75A0CC9010A7}.Release|Any CPU.ActiveCfg = Release|Any CPU
		{761B433C-8F48-477C-BBD9-75A0CC9010A7}.Release|Any CPU.Build.0 = Release|Any CPU
	EndGlobalSection
	GlobalSection(SolutionProperties) = preSolution
		HideSolutionNode = FALSE
	EndGlobalSection
	GlobalSection(ExtensibilityGlobals) = postSolution
		SolutionGuid = {B768049A-B643-4DF5-9885-16526FB5DA3B}
	EndGlobalSection
EndGlobal
